
Microsoft Visual Studio Solution File, Format Version 12.00
# Visual Studio 15
VisualStudioVersion = 15.0.28307.539
MinimumVisualStudioVersion = 10.0.40219.1
Project("{FAE04EC0-301F-11D3-BF4B-00C04F79EFBC}") = "EZNEW.Data.MySQL", "EZNEW.Data.MySQL\EZNEW.Data.MySQL.csproj", "{E7753052-C34B-4C11-91AF-9BFE9C691339}"
EndProject
Global
	GlobalSection(SolutionConfigurationPlatforms) = preSolution
		Debug|Any CPU = Debug|Any CPU
		Release|Any CPU = Release|Any CPU
	EndGlobalSection
	GlobalSection(ProjectConfigurationPlatforms) = postSolution
		{E7753052-C34B-4C11-91AF-9BFE9C691339}.Debug|Any CPU.ActiveCfg = Debug|Any CPU
		{E7753052-C34B-4C11-91AF-9BFE9C691339}.Debug|Any CPU.Build.0 = Debug|Any CPU
		{E7753052-C34B-4C11-91AF-9BFE9C691339}.Release|Any CPU.ActiveCfg = Release|Any CPU
		{E7753052-C34B-4C11-91AF-9BFE9C691339}.Release|Any CPU.Build.0 = Release|Any CPU
	EndGlobalSection
	GlobalSection(SolutionProperties) = preSolution
		HideSolutionNode = FALSE
	EndGlobalSection
	GlobalSection(ExtensibilityGlobals) = postSolution
		SolutionGuid = {53A9E125-91E6-48C3-B350-3C0E53D5A420}
	EndGlobalSection
EndGlobal
